<?xml version="1.0" encoding="utf-8"?>
<Project ToolsVersion="4.0" xmlns="http://schemas.microsoft.com/developer/msbuild/2003">
  <ItemGroup>
    <Filter Include="Source Files">
      <UniqueIdentifier>{4FC737F1-C7A5-4376-A066-2A32D752A2FF}</UniqueIdentifier>
      <Extensions>cpp;c;cc;cxx;def;odl;idl;hpj;bat;asm;asmx</Extensions>
    </Filter>
    <Filter Include="Header Files">
      <UniqueIdentifier>{93995380-89BD-4b04-88EB-625FBE52EBFB}</UniqueIdentifier>
      <Extensions>h;hpp;hxx;hm;inl;inc;xsd</Extensions>
    </Filter>
    <Filter Include="Resource Files">
      <UniqueIdentifier>{67DA6AB6-F800-4c08-8B7A-83BB121AAD01}</UniqueIdentifier>
      <Extensions>rc;ico;cur;bmp;dlg;rc2;rct;bin;rgs;gif;jpg;jpeg;jpe;resx;tiff;tif;png;wav;mfcribbon-ms</Extensions>
    </Filter>
  </ItemGroup>
  <ItemGroup>
    <ClCompile Include="main.cpp">
      <Filter>Source Files</Filter>
    </ClCompile>
    <ClCompile Include="PDBObject.cpp">
      <Filter>Source Files</Filter>
    </ClCompile>
    <ClCompile Include="ProteinChain.cpp">
      <Filter>Source Files</Filter>
    </ClCompile>
    <ClCompile Include="AminoAcidResidue.cpp">
      <Filter>Source Files</Filter>
    </ClCompile>
    <ClCompile Include="Atom.cpp">
      <Filter>Source Files</Filter>
    </ClCompile>
    <ClCompile Include="CPUTimer.cpp">
      <Filter>Source Files</Filter>
    </ClCompile>
    <ClCompile Include="SecondaryStructure.cpp">
      <Filter>Source Files</Filter>
    </ClCompile>
    <ClCompile Include="AlphaHelix.cpp">
      <Filter>Source Files</Filter>
    </ClCompile>
    <ClCompile Include="HelixGeometry.cpp">
      <Filter>Source Files</Filter>
    </ClCompile>
    <ClCompile Include="ScoreMatrix.cpp">
      <Filter>Source Files</Filter>
    </ClCompile>
    <ClCompile Include="ScoreMatrixDoubleLineDir.cpp">
      <Filter>Source Files</Filter>
    </ClCompile>
    <ClCompile Include="helper.cpp">
      <Filter>Source Files</Filter>
    </ClCompile>
    <ClCompile Include="LineSegment.cpp">
      <Filter>Source Files</Filter>
    </ClCompile>
    <ClCompile Include="Scripts.cpp">
      <Filter>Source Files</Filter>
    </ClCompile>
    <ClCompile Include="ScoreMatrixSingleLineDir.cpp">
      <Filter>Source Files</Filter>
    </ClCompile>
    <ClCompile Include="SMSolverDLD.cpp">
      <Filter>Source Files</Filter>
    </ClCompile>
    <ClCompile Include="SMSolverSLD.cpp">
      <Filter>Source Files</Filter>
    </ClCompile>
    <ClCompile Include="hungarian.cpp">
      <Filter>Source Files</Filter>
    </ClCompile>
    <ClCompile Include="IPFP.cpp">
      <Filter>Source Files</Filter>
    </ClCompile>
    <ClCompile Include="ScoreMatrix2DPointCloud.cpp">
      <Filter>Source Files</Filter>
    </ClCompile>
    <ClCompile Include="PointCloud2D.cpp">
      <Filter>Source Files</Filter>
    </ClCompile>
    <ClCompile Include="SMSolver2DP.cpp">
      <Filter>Source Files</Filter>
    </ClCompile>
  </ItemGroup>
  <ItemGroup>
    <ClInclude Include="PDBObject.h">
      <Filter>Header Files</Filter>
    </ClInclude>
    <ClInclude Include="ProteinChain.h">
      <Filter>Header Files</Filter>
    </ClInclude>
    <ClInclude Include="AminoAcidResidue.h">
      <Filter>Header Files</Filter>
    </ClInclude>
    <ClInclude Include="Atom.h">
      <Filter>Header Files</Filter>
    </ClInclude>
    <ClInclude Include="CPUTimer.h">
      <Filter>Header Files</Filter>
    </ClInclude>
    <ClInclude Include="SecondaryStructure.h">
      <Filter>Header Files</Filter>
    </ClInclude>
    <ClInclude Include="AlphaHelix.h">
      <Filter>Header Files</Filter>
    </ClInclude>
    <ClInclude Include="HelixGeometry.h">
      <Filter>Header Files</Filter>
    </ClInclude>
    <ClInclude Include="SpectralMatching.h">
      <Filter>Header Files</Filter>
    </ClInclude>
    <ClInclude Include="ScoreMatrix.h">
      <Filter>Header Files</Filter>
    </ClInclude>
    <ClInclude Include="ScoreMatrixDoubleLineDir.h">
      <Filter>Header Files</Filter>
    </ClInclude>
    <ClInclude Include="helper.h">
      <Filter>Header Files</Filter>
    </ClInclude>
    <ClInclude Include="LineSegment.h">
      <Filter>Header Files</Filter>
    </ClInclude>
    <ClInclude Include="Scripts.h">
      <Filter>Header Files</Filter>
    </ClInclude>
    <ClInclude Include="ScoreMatrixSingleLineDir.h">
      <Filter>Header Files</Filter>
    </ClInclude>
    <ClInclude Include="SMSolverDLD.h">
      <Filter>Header Files</Filter>
    </ClInclude>
    <ClInclude Include="SMSolverSLD.h">
      <Filter>Header Files</Filter>
    </ClInclude>
    <ClInclude Include="hungarian.h">
      <Filter>Header Files</Filter>
    </ClInclude>
    <ClInclude Include="IPFP.h">
      <Filter>Header Files</Filter>
    </ClInclude>
    <ClInclude Include="ScoreMatrix2DPointCloud.h">
      <Filter>Header Files</Filter>
    </ClInclude>
    <ClInclude Include="PointCloud2D.h">
      <Filter>Header Files</Filter>
    </ClInclude>
    <ClInclude Include="SMSolver2DP.h">
      <Filter>Header Files</Filter>
    </ClInclude>
  </ItemGroup>
</Project>