<?xml version="1.0" encoding="utf-8"?>
<Project ToolsVersion="4.0" xmlns="http://schemas.microsoft.com/developer/msbuild/2003">
  <ItemGroup>
    <Filter Include="Source Files">
      <UniqueIdentifier>{4FC737F1-C7A5-4376-A066-2A32D752A2FF}</UniqueIdentifier>
      <Extensions>cpp;c;cxx;def;odl;idl;hpj;bat;asm;asmx</Extensions>
    </Filter>
    <Filter Include="Source Files\Objects">
      <UniqueIdentifier>{54418122-b4ba-4b67-9cdb-f99b7b1c8c5e}</UniqueIdentifier>
    </Filter>
    <Filter Include="Source Files\Materials">
      <UniqueIdentifier>{e762b512-3b39-4822-aeb9-049051523582}</UniqueIdentifier>
    </Filter>
    <Filter Include="Source Files\Core">
      <UniqueIdentifier>{0b7eb563-7e69-4ee3-a46b-7fc13c3a23f0}</UniqueIdentifier>
    </Filter>
    <Filter Include="Source Files\Utils">
      <UniqueIdentifier>{139f0246-1c55-4330-acc0-8685716d703e}</UniqueIdentifier>
    </Filter>
    <Filter Include="Source Files\Lights">
      <UniqueIdentifier>{1d08da91-f79d-4b12-8976-9a5d41286cb4}</UniqueIdentifier>
    </Filter>
    <Filter Include="Source Files\DataTypes">
      <UniqueIdentifier>{dc5c68d4-0879-463a-828f-df4f4346b8f2}</UniqueIdentifier>
    </Filter>
    <Filter Include="Header Files">
      <UniqueIdentifier>{93995380-89BD-4b04-88EB-625FBE52EBFB}</UniqueIdentifier>
      <Extensions>h;hpp;hxx;hm;inl;inc;xsd</Extensions>
    </Filter>
    <Filter Include="Header Files\Objects">
      <UniqueIdentifier>{95575cad-7c72-43b6-a771-b074f57c3a55}</UniqueIdentifier>
    </Filter>
    <Filter Include="Header Files\Materials">
      <UniqueIdentifier>{6fa77fe4-2700-46c6-9d3e-51b805d93beb}</UniqueIdentifier>
    </Filter>
    <Filter Include="Header Files\Core">
      <UniqueIdentifier>{94703366-2ee8-4784-866e-00fe7a82bbfa}</UniqueIdentifier>
    </Filter>
    <Filter Include="Header Files\Lights">
      <UniqueIdentifier>{49667ae8-4d28-47e7-bf03-7901852def55}</UniqueIdentifier>
    </Filter>
    <Filter Include="Header Files\Utils">
      <UniqueIdentifier>{e55eb7fc-9385-48dd-a2d6-cf59c14594c6}</UniqueIdentifier>
    </Filter>
    <Filter Include="Header Files\DataTypes">
      <UniqueIdentifier>{16e15c88-b92b-4f83-b485-11c8928cba2f}</UniqueIdentifier>
    </Filter>
    <Filter Include="Resource Files">
      <UniqueIdentifier>{67DA6AB6-F800-4c08-8B7A-83BB121AAD01}</UniqueIdentifier>
      <Extensions>rc;ico;cur;bmp;dlg;rc2;rct;bin;rgs;gif;jpg;jpeg;jpe;resx</Extensions>
    </Filter>
    <Filter Include="Source Files\GLObjects">
      <UniqueIdentifier>{3fcf6ff8-20a7-460d-b1ec-a2f4118bb284}</UniqueIdentifier>
    </Filter>
    <Filter Include="Header Files\GLObjects">
      <UniqueIdentifier>{ec44ad9f-f90f-40d4-9b94-ce417f27df52}</UniqueIdentifier>
    </Filter>
    <Filter Include="Source Files\Shaders">
      <UniqueIdentifier>{8fd2ee8a-95b4-4aac-84d4-fa6c00ac0ea9}</UniqueIdentifier>
    </Filter>
    <Filter Include="Header Files\Shaders">
      <UniqueIdentifier>{b9751b56-f9d2-4e4a-a99c-8efad0deecf4}</UniqueIdentifier>
    </Filter>
  </ItemGroup>
  <ItemGroup>
    <ClCompile Include="raytracer.cpp">
      <Filter>Source Files</Filter>
    </ClCompile>
    <ClCompile Include="Objects\Cylinder.cpp">
      <Filter>Source Files\Objects</Filter>
    </ClCompile>
    <ClCompile Include="Objects\Group.cpp">
      <Filter>Source Files\Objects</Filter>
    </ClCompile>
    <ClCompile Include="Objects\InfinitePlane.cpp">
      <Filter>Source Files\Objects</Filter>
    </ClCompile>
    <ClCompile Include="Objects\Sphere.cpp">
      <Filter>Source Files\Objects</Filter>
    </ClCompile>
    <ClCompile Include="Objects\Triangle.cpp">
      <Filter>Source Files\Objects</Filter>
    </ClCompile>
    <ClCompile Include="Materials\AmbientOcclusionMaterial.cpp">
      <Filter>Source Files\Materials</Filter>
    </ClCompile>
    <ClCompile Include="Materials\ConstantColorMaterial.cpp">
      <Filter>Source Files\Materials</Filter>
    </ClCompile>
    <ClCompile Include="Materials\LambertianMaterial.cpp">
      <Filter>Source Files\Materials</Filter>
    </ClCompile>
    <ClCompile Include="Core\Camera.cpp">
      <Filter>Source Files\Core</Filter>
    </ClCompile>
    <ClCompile Include="Core\Ray.cpp">
      <Filter>Source Files\Core</Filter>
    </ClCompile>
    <ClCompile Include="Core\Scene.cpp">
      <Filter>Source Files\Core</Filter>
    </ClCompile>
    <ClCompile Include="Utils\Random.cpp">
      <Filter>Source Files\Utils</Filter>
    </ClCompile>
    <ClCompile Include="DataTypes\Image.cpp">
      <Filter>Source Files\DataTypes</Filter>
    </ClCompile>
    <ClCompile Include="DataTypes\Matrix4x4.cpp">
      <Filter>Source Files\DataTypes</Filter>
    </ClCompile>
    <ClCompile Include="Utils\frameRate.cpp">
      <Filter>Source Files\Utils</Filter>
    </ClCompile>
    <ClCompile Include="GLObjects\frameBuf.cpp">
      <Filter>Source Files\GLObjects</Filter>
    </ClCompile>
    <ClCompile Include="Shaders\texShader.cpp">
      <Filter>Source Files\Shaders</Filter>
    </ClCompile>
    <ClCompile Include="Lights\Light.cpp">
      <Filter>Source Files\Lights</Filter>
    </ClCompile>
    <ClCompile Include="Materials\LightMaterial.cpp">
      <Filter>Source Files\Materials</Filter>
    </ClCompile>
    <ClCompile Include="Materials\MCLambertianMaterial.cpp">
      <Filter>Source Files\Materials</Filter>
    </ClCompile>
    <ClCompile Include="DataTypes\SampleVector.cpp">
      <Filter>Source Files\DataTypes</Filter>
    </ClCompile>
    <ClCompile Include="glm.cpp">
      <Filter>Source Files\Utils</Filter>
    </ClCompile>
  </ItemGroup>
  <ItemGroup>
    <ClInclude Include="raytracer.h">
      <Filter>Header Files</Filter>
    </ClInclude>
    <ClInclude Include="Objects\Cylinder.h">
      <Filter>Header Files\Objects</Filter>
    </ClInclude>
    <ClInclude Include="Objects\Group.h">
      <Filter>Header Files\Objects</Filter>
    </ClInclude>
    <ClInclude Include="Objects\InfinitePlane.h">
      <Filter>Header Files\Objects</Filter>
    </ClInclude>
    <ClInclude Include="Objects\Object.h">
      <Filter>Header Files\Objects</Filter>
    </ClInclude>
    <ClInclude Include="Objects\Primitive.h">
      <Filter>Header Files\Objects</Filter>
    </ClInclude>
    <ClInclude Include="Objects\Sphere.h">
      <Filter>Header Files\Objects</Filter>
    </ClInclude>
    <ClInclude Include="Objects\Triangle.h">
      <Filter>Header Files\Objects</Filter>
    </ClInclude>
    <ClInclude Include="Materials\AmbientOcclusionMaterial.h">
      <Filter>Header Files\Materials</Filter>
    </ClInclude>
    <ClInclude Include="Materials\ConstantColorMaterial.h">
      <Filter>Header Files\Materials</Filter>
    </ClInclude>
    <ClInclude Include="Materials\LambertianMaterial.h">
      <Filter>Header Files\Materials</Filter>
    </ClInclude>
    <ClInclude Include="Materials\Material.h">
      <Filter>Header Files\Materials</Filter>
    </ClInclude>
    <ClInclude Include="Core\Camera.h">
      <Filter>Header Files\Core</Filter>
    </ClInclude>
    <ClInclude Include="Core\Ray.h">
      <Filter>Header Files\Core</Filter>
    </ClInclude>
    <ClInclude Include="Core\Scene.h">
      <Filter>Header Files\Core</Filter>
    </ClInclude>
    <ClInclude Include="Utils\Random.h">
      <Filter>Header Files\Utils</Filter>
    </ClInclude>
    <ClInclude Include="DataTypes\Array1D.h">
      <Filter>Header Files\DataTypes</Filter>
    </ClInclude>
    <ClInclude Include="DataTypes\Color.h">
      <Filter>Header Files\DataTypes</Filter>
    </ClInclude>
    <ClInclude Include="DataTypes\datatypes.h">
      <Filter>Header Files\DataTypes</Filter>
    </ClInclude>
    <ClInclude Include="DataTypes\Image.h">
      <Filter>Header Files\DataTypes</Filter>
    </ClInclude>
    <ClInclude Include="DataTypes\MathDefs.h">
      <Filter>Header Files\DataTypes</Filter>
    </ClInclude>
    <ClInclude Include="DataTypes\Matrix4x4.h">
      <Filter>Header Files\DataTypes</Filter>
    </ClInclude>
    <ClInclude Include="DataTypes\vec2.h">
      <Filter>Header Files\DataTypes</Filter>
    </ClInclude>
    <ClInclude Include="DataTypes\vec3.h">
      <Filter>Header Files\DataTypes</Filter>
    </ClInclude>
    <ClInclude Include="DataTypes\vec4.h">
      <Filter>Header Files\DataTypes</Filter>
    </ClInclude>
    <ClInclude Include="Utils\frameRate.h">
      <Filter>Header Files\Utils</Filter>
    </ClInclude>
    <ClInclude Include="Utils\HighResolutionTimer.h">
      <Filter>Header Files\Utils</Filter>
    </ClInclude>
    <ClInclude Include="Shaders\texShader.h">
      <Filter>Header Files\Shaders</Filter>
    </ClInclude>
    <ClInclude Include="GLObjects\frameBuf.h">
      <Filter>Header Files\GLObjects</Filter>
    </ClInclude>
    <ClInclude Include="Lights\Light.h">
      <Filter>Header Files\Lights</Filter>
    </ClInclude>
    <ClInclude Include="Materials\LightMaterial.h">
      <Filter>Header Files\Materials</Filter>
    </ClInclude>
    <ClInclude Include="Materials\MCLambertianMaterial.h">
      <Filter>Header Files\Materials</Filter>
    </ClInclude>
    <ClInclude Include="DataTypes\SampleVector.h">
      <Filter>Header Files\DataTypes</Filter>
    </ClInclude>
    <ClInclude Include="glm.h">
      <Filter>Header Files\Utils</Filter>
    </ClInclude>
  </ItemGroup>
</Project>